
Microsoft Visual Studio Solution File, Format Version 12.00
# Visual Studio 14
VisualStudioVersion = 14.0.25420.1
MinimumVisualStudioVersion = 10.0.40219.1
Project("{2150E333-8FDC-42A3-9474-1A3956D46DE8}") = "BackEnd", "BackEnd", "{931C6E6F-40D5-47E0-9AFE-4ECF4B7DE83D}"
EndProject
Project("{2150E333-8FDC-42A3-9474-1A3956D46DE8}") = "Dummy", "Dummy", "{645EE6A4-5E05-4F08-820D-E1A80EC5A4C7}"
EndProject
Project("{2150E333-8FDC-42A3-9474-1A3956D46DE8}") = "FrameWork", "FrameWork", "{DD4F428B-EF12-4714-B7CD-569F5A5D76F4}"
EndProject
Project("{2150E333-8FDC-42A3-9474-1A3956D46DE8}") = "FrontEnd", "FrontEnd", "{DFA22A6C-0FD4-49F8-AA1E-CB672A0D7A48}"
EndProject
Project("{8BB2217D-0F2D-49D1-97BC-3654ED321F3B}") = "WU.Compras.Publicidad.PE.Wallet", "WU.Compras.Publicidad.PE.Wallet\WU.Compras.Publicidad.PE.Wallet.xproj", "{55F2D567-8533-4616-812E-F685C904321D}"
EndProject
Project("{2150E333-8FDC-42A3-9474-1A3956D46DE8}") = "Domain", "Domain", "{ACA80490-A30E-48C1-BCA1-AE4EB3056650}"
EndProject
Project("{2150E333-8FDC-42A3-9474-1A3956D46DE8}") = "Infrastructure", "Infrastructure", "{0E2CF664-D056-4300-89DC-4D3664629F68}"
EndProject
Project("{FAE04EC0-301F-11D3-BF4B-00C04F79EFBC}") = "VE.BusinessLogical", "VE.BusinessLogical\VE.BusinessLogical.csproj", "{FEFB327F-85A4-4E31-AAB2-FB9B23A6D2D6}"
EndProject
Project("{2150E333-8FDC-42A3-9474-1A3956D46DE8}") = "Repository", "Repository", "{2B252D27-F4BF-4D68-8EA5-D5AB64724FB3}"
EndProject
Project("{FAE04EC0-301F-11D3-BF4B-00C04F79EFBC}") = "VE.DataAccess", "VE.DataAccess\VE.DataAccess.csproj", "{14FA0B15-50FB-46A5-907A-8EB28543AA14}"
EndProject
Project("{FAE04EC0-301F-11D3-BF4B-00C04F79EFBC}") = "VE.Adapters", "VE.Adapters\VE.Adapters.csproj", "{69C8BE99-9D9E-4019-B144-8BAAB6762A38}"
EndProject
Project("{FAE04EC0-301F-11D3-BF4B-00C04F79EFBC}") = "VE.BusinessEntity", "VE.BusinessEntity\VE.BusinessEntity.csproj", "{1834786E-4BBA-4C57-A322-C6C0F35394BD}"
EndProject
Global
	GlobalSection(SolutionConfigurationPlatforms) = preSolution
		Debug|Any CPU = Debug|Any CPU
		Release|Any CPU = Release|Any CPU
	EndGlobalSection
	GlobalSection(ProjectConfigurationPlatforms) = postSolution
		{55F2D567-8533-4616-812E-F685C904321D}.Debug|Any CPU.ActiveCfg = Debug|Any CPU
		{55F2D567-8533-4616-812E-F685C904321D}.Debug|Any CPU.Build.0 = Debug|Any CPU
		{55F2D567-8533-4616-812E-F685C904321D}.Release|Any CPU.ActiveCfg = Release|Any CPU
		{55F2D567-8533-4616-812E-F685C904321D}.Release|Any CPU.Build.0 = Release|Any CPU
		{FEFB327F-85A4-4E31-AAB2-FB9B23A6D2D6}.Debug|Any CPU.ActiveCfg = Debug|Any CPU
		{FEFB327F-85A4-4E31-AAB2-FB9B23A6D2D6}.Debug|Any CPU.Build.0 = Debug|Any CPU
		{FEFB327F-85A4-4E31-AAB2-FB9B23A6D2D6}.Release|Any CPU.ActiveCfg = Release|Any CPU
		{FEFB327F-85A4-4E31-AAB2-FB9B23A6D2D6}.Release|Any CPU.Build.0 = Release|Any CPU
		{14FA0B15-50FB-46A5-907A-8EB28543AA14}.Debug|Any CPU.ActiveCfg = Debug|Any CPU
		{14FA0B15-50FB-46A5-907A-8EB28543AA14}.Debug|Any CPU.Build.0 = Debug|Any CPU
		{14FA0B15-50FB-46A5-907A-8EB28543AA14}.Release|Any CPU.ActiveCfg = Release|Any CPU
		{14FA0B15-50FB-46A5-907A-8EB28543AA14}.Release|Any CPU.Build.0 = Release|Any CPU
		{69C8BE99-9D9E-4019-B144-8BAAB6762A38}.Debug|Any CPU.ActiveCfg = Debug|Any CPU
		{69C8BE99-9D9E-4019-B144-8BAAB6762A38}.Debug|Any CPU.Build.0 = Debug|Any CPU
		{69C8BE99-9D9E-4019-B144-8BAAB6762A38}.Release|Any CPU.ActiveCfg = Release|Any CPU
		{69C8BE99-9D9E-4019-B144-8BAAB6762A38}.Release|Any CPU.Build.0 = Release|Any CPU
		{1834786E-4BBA-4C57-A322-C6C0F35394BD}.Debug|Any CPU.ActiveCfg = Debug|Any CPU
		{1834786E-4BBA-4C57-A322-C6C0F35394BD}.Debug|Any CPU.Build.0 = Debug|Any CPU
		{1834786E-4BBA-4C57-A322-C6C0F35394BD}.Release|Any CPU.ActiveCfg = Release|Any CPU
		{1834786E-4BBA-4C57-A322-C6C0F35394BD}.Release|Any CPU.Build.0 = Release|Any CPU
	EndGlobalSection
	GlobalSection(SolutionProperties) = preSolution
		HideSolutionNode = FALSE
	EndGlobalSection
	GlobalSection(NestedProjects) = preSolution
		{55F2D567-8533-4616-812E-F685C904321D} = {DFA22A6C-0FD4-49F8-AA1E-CB672A0D7A48}
		{ACA80490-A30E-48C1-BCA1-AE4EB3056650} = {931C6E6F-40D5-47E0-9AFE-4ECF4B7DE83D}
		{0E2CF664-D056-4300-89DC-4D3664629F68} = {931C6E6F-40D5-47E0-9AFE-4ECF4B7DE83D}
		{FEFB327F-85A4-4E31-AAB2-FB9B23A6D2D6} = {ACA80490-A30E-48C1-BCA1-AE4EB3056650}
		{2B252D27-F4BF-4D68-8EA5-D5AB64724FB3} = {931C6E6F-40D5-47E0-9AFE-4ECF4B7DE83D}
		{14FA0B15-50FB-46A5-907A-8EB28543AA14} = {2B252D27-F4BF-4D68-8EA5-D5AB64724FB3}
		{69C8BE99-9D9E-4019-B144-8BAAB6762A38} = {0E2CF664-D056-4300-89DC-4D3664629F68}
		{1834786E-4BBA-4C57-A322-C6C0F35394BD} = {ACA80490-A30E-48C1-BCA1-AE4EB3056650}
	EndGlobalSection
EndGlobal
